
Microsoft Visual Studio Solution File, Format Version 12.00
# Visual Studio Version 17
VisualStudioVersion = 17.5.002.0
MinimumVisualStudioVersion = 10.0.40219.1
Project("{9A19103F-16F7-4668-BE54-9A1E7A4F7556}") = "C#", "C#.csproj", "{5B75EE32-49EA-42E8-93F6-0A5F5F2F654E}"
EndProject
Global
	GlobalSection(SolutionConfigurationPlatforms) = preSolution
		Debug|Any CPU = Debug|Any CPU
		Release|Any CPU = Release|Any CPU
	EndGlobalSection
	GlobalSection(ProjectConfigurationPlatforms) = postSolution
		{5B75EE32-49EA-42E8-93F6-0A5F5F2F654E}.Debug|Any CPU.ActiveCfg = Debug|Any CPU
		{5B75EE32-49EA-42E8-93F6-0A5F5F2F654E}.Debug|Any CPU.Build.0 = Debug|Any CPU
		{5B75EE32-49EA-42E8-93F6-0A5F5F2F654E}.Release|Any CPU.ActiveCfg = Release|Any CPU
		{5B75EE32-49EA-42E8-93F6-0A5F5F2F654E}.Release|Any CPU.Build.0 = Release|Any CPU
	EndGlobalSection
	GlobalSection(SolutionProperties) = preSolution
		HideSolutionNode = FALSE
	EndGlobalSection
	GlobalSection(ExtensibilityGlobals) = postSolution
		SolutionGuid = {27B57F89-FDEE-4984-B0AE-1E023D2E70A9}
	EndGlobalSection
EndGlobal
